
Microsoft Visual Studio Solution File, Format Version 12.00
# Visual Studio Version 16
VisualStudioVersion = 16.0.32106.194
MinimumVisualStudioVersion = 10.0.40219.1
Project("{8BC9CEB8-8B4A-11D0-8D11-00A0C91BC942}") = "HwidSpoofer", "HwidSpoofer\HwidSpoofer.vcxproj", "{8D1A7782-5B54-4BED-84AA-408FCF9A7D2E}"
EndProject
Global
	GlobalSection(SolutionConfigurationPlatforms) = preSolution
		Debug|x64 = Debug|x64
		Debug|x86 = Debug|x86
		Release|x64 = Release|x64
		Release|x86 = Release|x86
	EndGlobalSection
	GlobalSection(ProjectConfigurationPlatforms) = postSolution
		{8D1A7782-5B54-4BED-84AA-408FCF9A7D2E}.Debug|x64.ActiveCfg = Debug|x64
		{8D1A7782-5B54-4BED-84AA-408FCF9A7D2E}.Debug|x64.Build.0 = Debug|x64
		{8D1A7782-5B54-4BED-84AA-408FCF9A7D2E}.Debug|x86.ActiveCfg = Debug|Win32
		{8D1A7782-5B54-4BED-84AA-408FCF9A7D2E}.Debug|x86.Build.0 = Debug|Win32
		{8D1A7782-5B54-4BED-84AA-408FCF9A7D2E}.Release|x64.ActiveCfg = Release|x64
		{8D1A7782-5B54-4BED-84AA-408FCF9A7D2E}.Release|x64.Build.0 = Release|x64
		{8D1A7782-5B54-4BED-84AA-408FCF9A7D2E}.Release|x86.ActiveCfg = Release|Win32
		{8D1A7782-5B54-4BED-84AA-408FCF9A7D2E}.Release|x86.Build.0 = Release|Win32
	EndGlobalSection
	GlobalSection(SolutionProperties) = preSolution
		HideSolutionNode = FALSE
	EndGlobalSection
	GlobalSection(ExtensibilityGlobals) = postSolution
		SolutionGuid = {EAF99501-40CC-4304-B42D-935FD98AB5E5}
	EndGlobalSection
EndGlobal
